{
  "nodes": {
    "nixpkgs": {
      "locked": {
        "lastModified": 1767313136,
        "narHash": "sha256-16KkgfdYqjaeRGBaYsNrhPRRENs0qzkQVUooNHtoy2w=",
        "owner": "nixos",
        "repo": "nixpkgs",
        "rev": "ac62194c3917d5f474c1a844b6fd6da2db95077d",
        "type": "github"
      },
      "original": {
        "owner": "nixos",
        "ref": "nixos-25.05",
        "repo": "nixpkgs",
        "type": "github"
      }
    },
    "root": {
      "inputs": {
        "nixpkgs": "nixpkgs",
        "typeset": "typeset"
      }
    },
    "typeset": {
      "flake": false,
      "locked": {
        "lastModified": 1772497006,
        "narHash": "sha256-OxaNGn7PvRnDyc6NaYDHM6U3WlZ8k6GpMejMYxL+Nlo=",
        "owner": "rutrum",
        "repo": "typeset",
        "rev": "d259f11af435d942569fb69c4660551f21abe53c",
        "type": "github"
      },
      "original": {
        "owner": "rutrum",
        "repo": "typeset",
        "type": "github"
      }
    }
  },
  "root": "root",
  "version": 7
}
