{
  "nodes": {
    "nixpkgs": {
      "locked": {
        "lastModified": 1767313136,
        "narHash": "sha256-16KkgfdYqjaeRGBaYsNrhPRRENs0qzkQVUooNHtoy2w=",
        "owner": "nixos",
        "repo": "nixpkgs",
        "rev": "ac62194c3917d5f474c1a844b6fd6da2db95077d",
        "type": "github"
      },
      "original": {
        "owner": "nixos",
        "ref": "nixos-25.05",
        "repo": "nixpkgs",
        "type": "github"
      }
    },
    "root": {
      "inputs": {
        "nixpkgs": "nixpkgs",
        "typeset": "typeset"
      }
    },
    "typeset": {
      "flake": false,
      "locked": {
        "lastModified": 1773785466,
        "narHash": "sha256-F2ZTg5FxqMy8ss0CTk2aMODOihpEqucde9LvWy1ZVIs=",
        "owner": "rutrum",
        "repo": "typeset",
        "rev": "616227c1f0cc809f373740ba0d21650f642b45b3",
        "type": "github"
      },
      "original": {
        "owner": "rutrum",
        "repo": "typeset",
        "type": "github"
      }
    }
  },
  "root": "root",
  "version": 7
}
